// !$*UTF8*$!
{
	archiveVersion = 1;
	classes = {
	};
	objectVersion = 50;
	objects = {

/* Begin PBXBuildFile section */
		6BDAA188234293F7000DCEE6 /* AppDelegate.swift in Sources */ = {isa = PBXBuildFile; fileRef = 6BDAA187234293F7000DCEE6 /* AppDelegate.swift */; };
		6BDAA18A234293F7000DCEE6 /* ViewController.swift in Sources */ = {isa = PBXBuildFile; fileRef = 6BDAA189234293F7000DCEE6 /* ViewController.swift */; };
		6BDAA18D234293F7000DCEE6 /* Main.storyboard in Resources */ = {isa = PBXBuildFile; fileRef = 6BDAA18B234293F7000DCEE6 /* Main.storyboard */; };
		6BDAA18F234293F8000DCEE6 /* Assets.xcassets in Resources */ = {isa = PBXBuildFile; fileRef = 6BDAA18E234293F8000DCEE6 /* Assets.xcassets */; };
		6BDAA192234293F8000DCEE6 /* LaunchScreen.storyboard in Resources */ = {isa = PBXBuildFile; fileRef = 6BDAA190234293F8000DCEE6 /* LaunchScreen.storyboard */; };
		6BDAA19D234293F8000DCEE6 /* Pursuit_Core_Persistence_LabTests.swift in Sources */ = {isa = PBXBuildFile; fileRef = 6BDAA19C234293F8000DCEE6 /* Pursuit_Core_Persistence_LabTests.swift */; };
		6BDAA1A8234295B2000DCEE6 /* persistenceHelper.swift in Sources */ = {isa = PBXBuildFile; fileRef = 6BDAA1A7234295B2000DCEE6 /* persistenceHelper.swift */; };
		6BDAA1AA234295EC000DCEE6 /* PhotosPersistenceHelper.swift in Sources */ = {isa = PBXBuildFile; fileRef = 6BDAA1A9234295EC000DCEE6 /* PhotosPersistenceHelper.swift */; };
		6BDAA1AC2342962F000DCEE6 /* photos.swift in Sources */ = {isa = PBXBuildFile; fileRef = 6BDAA1AB2342962F000DCEE6 /* photos.swift */; };
		6BDAA1AE2342AFC9000DCEE6 /* photosTableViewCell.swift in Sources */ = {isa = PBXBuildFile; fileRef = 6BDAA1AD2342AFC9000DCEE6 /* photosTableViewCell.swift */; };
		6BDAA1B02342B089000DCEE6 /* imageHelper.swift in Sources */ = {isa = PBXBuildFile; fileRef = 6BDAA1AF2342B089000DCEE6 /* imageHelper.swift */; };
		6BDAA1B22342B36B000DCEE6 /* AppErrors.swift in Sources */ = {isa = PBXBuildFile; fileRef = 6BDAA1B12342B36B000DCEE6 /* AppErrors.swift */; };
		6BDAA1B42342B726000DCEE6 /* APIClient.swift in Sources */ = {isa = PBXBuildFile; fileRef = 6BDAA1B32342B726000DCEE6 /* APIClient.swift */; };
/* End PBXBuildFile section */

/* Begin PBXContainerItemProxy section */
		6BDAA199234293F8000DCEE6 /* PBXContainerItemProxy */ = {
			isa = PBXContainerItemProxy;
			containerPortal = 6BDAA17C234293F7000DCEE6 /* Project object */;
			proxyType = 1;
			remoteGlobalIDString = 6BDAA183234293F7000DCEE6;
			remoteInfo = "Pursuit-Core-Persistence-Lab";
		};
/* End PBXContainerItemProxy section */

/* Begin PBXFileReference section */
		6BDAA184234293F7000DCEE6 /* Pursuit-Core-Persistence-Lab.app */ = {isa = PBXFileReference; explicitFileType = wrapper.application; includeInIndex = 0; path = "Pursuit-Core-Persistence-Lab.app"; sourceTree = BUILT_PRODUCTS_DIR; };
		6BDAA187234293F7000DCEE6 /* AppDelegate.swift */ = {isa = PBXFileReference; lastKnownFileType = sourcecode.swift; path = AppDelegate.swift; sourceTree = "<group>"; };
		6BDAA189234293F7000DCEE6 /* ViewController.swift */ = {isa = PBXFileReference; lastKnownFileType = sourcecode.swift; path = ViewController.swift; sourceTree = "<group>"; };
		6BDAA18C234293F7000DCEE6 /* Base */ = {isa = PBXFileReference; lastKnownFileType = file.storyboard; name = Base; path = Base.lproj/Main.storyboard; sourceTree = "<group>"; };
		6BDAA18E234293F8000DCEE6 /* Assets.xcassets */ = {isa = PBXFileReference; lastKnownFileType = folder.assetcatalog; path = Assets.xcassets; sourceTree = "<group>"; };
		6BDAA191234293F8000DCEE6 /* Base */ = {isa = PBXFileReference; lastKnownFileType = file.storyboard; name = Base; path = Base.lproj/LaunchScreen.storyboard; sourceTree = "<group>"; };
		6BDAA193234293F8000DCEE6 /* Info.plist */ = {isa = PBXFileReference; lastKnownFileType = text.plist.xml; path = Info.plist; sourceTree = "<group>"; };
		6BDAA198234293F8000DCEE6 /* Pursuit-Core-Persistence-LabTests.xctest */ = {isa = PBXFileReference; explicitFileType = wrapper.cfbundle; includeInIndex = 0; path = "Pursuit-Core-Persistence-LabTests.xctest"; sourceTree = BUILT_PRODUCTS_DIR; };
		6BDAA19C234293F8000DCEE6 /* Pursuit_Core_Persistence_LabTests.swift */ = {isa = PBXFileReference; lastKnownFileType = sourcecode.swift; path = Pursuit_Core_Persistence_LabTests.swift; sourceTree = "<group>"; };
		6BDAA19E234293F8000DCEE6 /* Info.plist */ = {isa = PBXFileReference; lastKnownFileType = text.plist.xml; path = Info.plist; sourceTree = "<group>"; };
		6BDAA1A7234295B2000DCEE6 /* persistenceHelper.swift */ = {isa = PBXFileReference; lastKnownFileType = sourcecode.swift; path = persistenceHelper.swift; sourceTree = "<group>"; };
		6BDAA1A9234295EC000DCEE6 /* PhotosPersistenceHelper.swift */ = {isa = PBXFileReference; lastKnownFileType = sourcecode.swift; path = PhotosPersistenceHelper.swift; sourceTree = "<group>"; };
		6BDAA1AB2342962F000DCEE6 /* photos.swift */ = {isa = PBXFileReference; lastKnownFileType = sourcecode.swift; path = photos.swift; sourceTree = "<group>"; };
		6BDAA1AD2342AFC9000DCEE6 /* photosTableViewCell.swift */ = {isa = PBXFileReference; lastKnownFileType = sourcecode.swift; path = photosTableViewCell.swift; sourceTree = "<group>"; };
		6BDAA1AF2342B089000DCEE6 /* imageHelper.swift */ = {isa = PBXFileReference; lastKnownFileType = sourcecode.swift; path = imageHelper.swift; sourceTree = "<group>"; };
		6BDAA1B12342B36B000DCEE6 /* AppErrors.swift */ = {isa = PBXFileReference; lastKnownFileType = sourcecode.swift; path = AppErrors.swift; sourceTree = "<group>"; };
		6BDAA1B32342B726000DCEE6 /* APIClient.swift */ = {isa = PBXFileReference; lastKnownFileType = sourcecode.swift; path = APIClient.swift; sourceTree = "<group>"; };
/* End PBXFileReference section */

/* Begin PBXFrameworksBuildPhase section */
		6BDAA181234293F7000DCEE6 /* Frameworks */ = {
			isa = PBXFrameworksBuildPhase;
			buildActionMask = 2147483647;
			files = (
			);
			runOnlyForDeploymentPostprocessing = 0;
		};
		6BDAA195234293F8000DCEE6 /* Frameworks */ = {
			isa = PBXFrameworksBuildPhase;
			buildActionMask = 2147483647;
			files = (
			);
			runOnlyForDeploymentPostprocessing = 0;
		};
/* End PBXFrameworksBuildPhase section */

/* Begin PBXGroup section */
		6BDAA17B234293F7000DCEE6 = {
			isa = PBXGroup;
			children = (
				6BDAA186234293F7000DCEE6 /* Pursuit-Core-Persistence-Lab */,
				6BDAA19B234293F8000DCEE6 /* Pursuit-Core-Persistence-LabTests */,
				6BDAA185234293F7000DCEE6 /* Products */,
			);
			sourceTree = "<group>";
		};
		6BDAA185234293F7000DCEE6 /* Products */ = {
			isa = PBXGroup;
			children = (
				6BDAA184234293F7000DCEE6 /* Pursuit-Core-Persistence-Lab.app */,
				6BDAA198234293F8000DCEE6 /* Pursuit-Core-Persistence-LabTests.xctest */,
			);
			name = Products;
			sourceTree = "<group>";
		};
		6BDAA186234293F7000DCEE6 /* Pursuit-Core-Persistence-Lab */ = {
			isa = PBXGroup;
			children = (
				6BDAA187234293F7000DCEE6 /* AppDelegate.swift */,
				6BDAA189234293F7000DCEE6 /* ViewController.swift */,
				6BDAA1AF2342B089000DCEE6 /* imageHelper.swift */,
				6BDAA1B12342B36B000DCEE6 /* AppErrors.swift */,
				6BDAA1A7234295B2000DCEE6 /* persistenceHelper.swift */,
				6BDAA1A9234295EC000DCEE6 /* PhotosPersistenceHelper.swift */,
				6BDAA1B32342B726000DCEE6 /* APIClient.swift */,
				6BDAA1AB2342962F000DCEE6 /* photos.swift */,
				6BDAA18B234293F7000DCEE6 /* Main.storyboard */,
				6BDAA1AD2342AFC9000DCEE6 /* photosTableViewCell.swift */,
				6BDAA18E234293F8000DCEE6 /* Assets.xcassets */,
				6BDAA190234293F8000DCEE6 /* LaunchScreen.storyboard */,
				6BDAA193234293F8000DCEE6 /* Info.plist */,
			);
			path = "Pursuit-Core-Persistence-Lab";
			sourceTree = "<group>";
		};
		6BDAA19B234293F8000DCEE6 /* Pursuit-Core-Persistence-LabTests */ = {
			isa = PBXGroup;
			children = (
				6BDAA19C234293F8000DCEE6 /* Pursuit_Core_Persistence_LabTests.swift */,
				6BDAA19E234293F8000DCEE6 /* Info.plist */,
			);
			path = "Pursuit-Core-Persistence-LabTests";
			sourceTree = "<group>";
		};
/* End PBXGroup section */

/* Begin PBXNativeTarget section */
		6BDAA183234293F7000DCEE6 /* Pursuit-Core-Persistence-Lab */ = {
			isa = PBXNativeTarget;
			buildConfigurationList = 6BDAA1A1234293F8000DCEE6 /* Build configuration list for PBXNativeTarget "Pursuit-Core-Persistence-Lab" */;
			buildPhases = (
				6BDAA180234293F7000DCEE6 /* Sources */,
				6BDAA181234293F7000DCEE6 /* Frameworks */,
				6BDAA182234293F7000DCEE6 /* Resources */,
			);
			buildRules = (
			);
			dependencies = (
			);
			name = "Pursuit-Core-Persistence-Lab";
			productName = "Pursuit-Core-Persistence-Lab";
			productReference = 6BDAA184234293F7000DCEE6 /* Pursuit-Core-Persistence-Lab.app */;
			productType = "com.apple.product-type.application";
		};
		6BDAA197234293F8000DCEE6 /* Pursuit-Core-Persistence-LabTests */ = {
			isa = PBXNativeTarget;
			buildConfigurationList = 6BDAA1A4234293F8000DCEE6 /* Build configuration list for PBXNativeTarget "Pursuit-Core-Persistence-LabTests" */;
			buildPhases = (
				6BDAA194234293F8000DCEE6 /* Sources */,
				6BDAA195234293F8000DCEE6 /* Frameworks */,
				6BDAA196234293F8000DCEE6 /* Resources */,
			);
			buildRules = (
			);
			dependencies = (
				6BDAA19A234293F8000DCEE6 /* PBXTargetDependency */,
			);
			name = "Pursuit-Core-Persistence-LabTests";
			productName = "Pursuit-Core-Persistence-LabTests";
			productReference = 6BDAA198234293F8000DCEE6 /* Pursuit-Core-Persistence-LabTests.xctest */;
			productType = "com.apple.product-type.bundle.unit-test";
		};
/* End PBXNativeTarget section */

/* Begin PBXProject section */
		6BDAA17C234293F7000DCEE6 /* Project object */ = {
			isa = PBXProject;
			attributes = {
				LastSwiftUpdateCheck = 1020;
				LastUpgradeCheck = 1020;
				ORGANIZATIONNAME = "Kary Martinez";
				TargetAttributes = {
					6BDAA183234293F7000DCEE6 = {
						CreatedOnToolsVersion = 10.2.1;
					};
					6BDAA197234293F8000DCEE6 = {
						CreatedOnToolsVersion = 10.2.1;
						TestTargetID = 6BDAA183234293F7000DCEE6;
					};
				};
			};
			buildConfigurationList = 6BDAA17F234293F7000DCEE6 /* Build configuration list for PBXProject "Pursuit-Core-Persistence-Lab" */;
			compatibilityVersion = "Xcode 9.3";
			developmentRegion = en;
			hasScannedForEncodings = 0;
			knownRegions = (
				en,
				Base,
			);
			mainGroup = 6BDAA17B234293F7000DCEE6;
			productRefGroup = 6BDAA185234293F7000DCEE6 /* Products */;
			projectDirPath = "";
			projectRoot = "";
			targets = (
				6BDAA183234293F7000DCEE6 /* Pursuit-Core-Persistence-Lab */,
				6BDAA197234293F8000DCEE6 /* Pursuit-Core-Persistence-LabTests */,
			);
		};
/* End PBXProject section */

/* Begin PBXResourcesBuildPhase section */
		6BDAA182234293F7000DCEE6 /* Resources */ = {
			isa = PBXResourcesBuildPhase;
			buildActionMask = 2147483647;
			files = (
				6BDAA192234293F8000DCEE6 /* LaunchScreen.storyboard in Resources */,
				6BDAA18F234293F8000DCEE6 /* Assets.xcassets in Resources */,
				6BDAA18D234293F7000DCEE6 /* Main.storyboard in Resources */,
			);
			runOnlyForDeploymentPostprocessing = 0;
		};
		6BDAA196234293F8000DCEE6 /* Resources */ = {
			isa = PBXResourcesBuildPhase;
			buildActionMask = 2147483647;
			files = (
			);
			runOnlyForDeploymentPostprocessing = 0;
		};
/* End PBXResourcesBuildPhase section */

/* Begin PBXSourcesBuildPhase section */
		6BDAA180234293F7000DCEE6 /* Sources */ = {
			isa = PBXSourcesBuildPhase;
			buildActionMask = 2147483647;
			files = (
				6BDAA1B22342B36B000DCEE6 /* AppErrors.swift in Sources */,
				6BDAA18A234293F7000DCEE6 /* ViewController.swift in Sources */,
				6BDAA1B02342B089000DCEE6 /* imageHelper.swift in Sources */,
				6BDAA188234293F7000DCEE6 /* AppDelegate.swift in Sources */,
				6BDAA1AE2342AFC9000DCEE6 /* photosTableViewCell.swift in Sources */,
				6BDAA1AA234295EC000DCEE6 /* PhotosPersistenceHelper.swift in Sources */,
				6BDAA1A8234295B2000DCEE6 /* persistenceHelper.swift in Sources */,
				6BDAA1AC2342962F000DCEE6 /* photos.swift in Sources */,
				6BDAA1B42342B726000DCEE6 /* APIClient.swift in Sources */,
			);
			runOnlyForDeploymentPostprocessing = 0;
		};
		6BDAA194234293F8000DCEE6 /* Sources */ = {
			isa = PBXSourcesBuildPhase;
			buildActionMask = 2147483647;
			files = (
				6BDAA19D234293F8000DCEE6 /* Pursuit_Core_Persistence_LabTests.swift in Sources */,
			);
			runOnlyForDeploymentPostprocessing = 0;
		};
/* End PBXSourcesBuildPhase section */

/* Begin PBXTargetDependency section */
		6BDAA19A234293F8000DCEE6 /* PBXTargetDependency */ = {
			isa = PBXTargetDependency;
			target = 6BDAA183234293F7000DCEE6 /* Pursuit-Core-Persistence-Lab */;
			targetProxy = 6BDAA199234293F8000DCEE6 /* PBXContainerItemProxy */;
		};
/* End PBXTargetDependency section */

/* Begin PBXVariantGroup section */
		6BDAA18B234293F7000DCEE6 /* Main.storyboard */ = {
			isa = PBXVariantGroup;
			children = (
				6BDAA18C234293F7000DCEE6 /* Base */,
			);
			name = Main.storyboard;
			sourceTree = "<group>";
		};
		6BDAA190234293F8000DCEE6 /* LaunchScreen.storyboard */ = {
			isa = PBXVariantGroup;
			children = (
				6BDAA191234293F8000DCEE6 /* Base */,
			);
			name = LaunchScreen.storyboard;
			sourceTree = "<group>";
		};
/* End PBXVariantGroup section */

/* Begin XCBuildConfiguration section */
		6BDAA19F234293F8000DCEE6 /* Debug */ = {
			isa = XCBuildConfiguration;
			buildSettings = {
				ALWAYS_SEARCH_USER_PATHS = NO;
				CLANG_ANALYZER_NONNULL = YES;
				CLANG_ANALYZER_NUMBER_OBJECT_CONVERSION = YES_AGGRESSIVE;
				CLANG_CXX_LANGUAGE_STANDARD = "gnu++14";
				CLANG_CXX_LIBRARY = "libc++";
				CLANG_ENABLE_MODULES = YES;
				CLANG_ENABLE_OBJC_ARC = YES;
				CLANG_ENABLE_OBJC_WEAK = YES;
				CLANG_WARN_BLOCK_CAPTURE_AUTORELEASING = YES;
				CLANG_WARN_BOOL_CONVERSION = YES;
				CLANG_WARN_COMMA = YES;
				CLANG_WARN_CONSTANT_CONVERSION = YES;
				CLANG_WARN_DEPRECATED_OBJC_IMPLEMENTATIONS = YES;
				CLANG_WARN_DIRECT_OBJC_ISA_USAGE = YES_ERROR;
				CLANG_WARN_DOCUMENTATION_COMMENTS = YES;
				CLANG_WARN_EMPTY_BODY = YES;
				CLANG_WARN_ENUM_CONVERSION = YES;
				CLANG_WARN_INFINITE_RECURSION = YES;
				CLANG_WARN_INT_CONVERSION = YES;
				CLANG_WARN_NON_LITERAL_NULL_CONVERSION = YES;
				CLANG_WARN_OBJC_IMPLICIT_RETAIN_SELF = YES;
				CLANG_WARN_OBJC_LITERAL_CONVERSION = YES;
				CLANG_WARN_OBJC_ROOT_CLASS = YES_ERROR;
				CLANG_WARN_RANGE_LOOP_ANALYSIS = YES;
				CLANG_WARN_STRICT_PROTOTYPES = YES;
				CLANG_WARN_SUSPICIOUS_MOVE = YES;
				CLANG_WARN_UNGUARDED_AVAILABILITY = YES_AGGRESSIVE;
				CLANG_WARN_UNREACHABLE_CODE = YES;
				CLANG_WARN__DUPLICATE_METHOD_MATCH = YES;
				CODE_SIGN_IDENTITY = "iPhone Developer";
				COPY_PHASE_STRIP = NO;
				DEBUG_INFORMATION_FORMAT = dwarf;
				ENABLE_STRICT_OBJC_MSGSEND = YES;
				ENABLE_TESTABILITY = YES;
				GCC_C_LANGUAGE_STANDARD = gnu11;
				GCC_DYNAMIC_NO_PIC = NO;
				GCC_NO_COMMON_BLOCKS = YES;
				GCC_OPTIMIZATION_LEVEL = 0;
				GCC_PREPROCESSOR_DEFINITIONS = (
					"DEBUG=1",
					"$(inherited)",
				);
				GCC_WARN_64_TO_32_BIT_CONVERSION = YES;
				GCC_WARN_ABOUT_RETURN_TYPE = YES_ERROR;
				GCC_WARN_UNDECLARED_SELECTOR = YES;
				GCC_WARN_UNINITIALIZED_AUTOS = YES_AGGRESSIVE;
				GCC_WARN_UNUSED_FUNCTION = YES;
				GCC_WARN_UNUSED_VARIABLE = YES;
				IPHONEOS_DEPLOYMENT_TARGET = 12.2;
				MTL_ENABLE_DEBUG_INFO = INCLUDE_SOURCE;
				MTL_FAST_MATH = YES;
				ONLY_ACTIVE_ARCH = YES;
				SDKROOT = iphoneos;
				SWIFT_ACTIVE_COMPILATION_CONDITIONS = DEBUG;
				SWIFT_OPTIMIZATION_LEVEL = "-Onone";
			};
			name = Debug;
		};
		6BDAA1A0234293F8000DCEE6 /* Release */ = {
			isa = XCBuildConfiguration;
			buildSettings = {
				ALWAYS_SEARCH_USER_PATHS = NO;
				CLANG_ANALYZER_NONNULL = YES;
				CLANG_ANALYZER_NUMBER_OBJECT_CONVERSION = YES_AGGRESSIVE;
				CLANG_CXX_LANGUAGE_STANDARD = "gnu++14";
				CLANG_CXX_LIBRARY = "libc++";
				CLANG_ENABLE_MODULES = YES;
				CLANG_ENABLE_OBJC_ARC = YES;
				CLANG_ENABLE_OBJC_WEAK = YES;
				CLANG_WARN_BLOCK_CAPTURE_AUTORELEASING = YES;
				CLANG_WARN_BOOL_CONVERSION = YES;
				CLANG_WARN_COMMA = YES;
				CLANG_WARN_CONSTANT_CONVERSION = YES;
				CLANG_WARN_DEPRECATED_OBJC_IMPLEMENTATIONS = YES;
				CLANG_WARN_DIRECT_OBJC_ISA_USAGE = YES_ERROR;
				CLANG_WARN_DOCUMENTATION_COMMENTS = YES;
				CLANG_WARN_EMPTY_BODY = YES;
				CLANG_WARN_ENUM_CONVERSION = YES;
				CLANG_WARN_INFINITE_RECURSION = YES;
				CLANG_WARN_INT_CONVERSION = YES;
				CLANG_WARN_NON_LITERAL_NULL_CONVERSION = YES;
				CLANG_WARN_OBJC_IMPLICIT_RETAIN_SELF = YES;
				CLANG_WARN_OBJC_LITERAL_CONVERSION = YES;
				CLANG_WARN_OBJC_ROOT_CLASS = YES_ERROR;
				CLANG_WARN_RANGE_LOOP_ANALYSIS = YES;
				CLANG_WARN_STRICT_PROTOTYPES = YES;
				CLANG_WARN_SUSPICIOUS_MOVE = YES;
				CLANG_WARN_UNGUARDED_AVAILABILITY = YES_AGGRESSIVE;
				CLANG_WARN_UNREACHABLE_CODE = YES;
				CLANG_WARN__DUPLICATE_METHOD_MATCH = YES;
				CODE_SIGN_IDENTITY = "iPhone Developer";
				COPY_PHASE_STRIP = NO;
				DEBUG_INFORMATION_FORMAT = "dwarf-with-dsym";
				ENABLE_NS_ASSERTIONS = NO;
				ENABLE_STRICT_OBJC_MSGSEND = YES;
				GCC_C_LANGUAGE_STANDARD = gnu11;
				GCC_NO_COMMON_BLOCKS = YES;
				GCC_WARN_64_TO_32_BIT_CONVERSION = YES;
				GCC_WARN_ABOUT_RETURN_TYPE = YES_ERROR;
				GCC_WARN_UNDECLARED_SELECTOR = YES;
				GCC_WARN_UNINITIALIZED_AUTOS = YES_AGGRESSIVE;
				GCC_WARN_UNUSED_FUNCTION = YES;
				GCC_WARN_UNUSED_VARIABLE = YES;
				IPHONEOS_DEPLOYMENT_TARGET = 12.2;
				MTL_ENABLE_DEBUG_INFO = NO;
				MTL_FAST_MATH = YES;
				SDKROOT = iphoneos;
				SWIFT_COMPILATION_MODE = wholemodule;
				SWIFT_OPTIMIZATION_LEVEL = "-O";
				VALIDATE_PRODUCT = YES;
			};
			name = Release;
		};
		6BDAA1A2234293F8000DCEE6 /* Debug */ = {
			isa = XCBuildConfiguration;
			buildSettings = {
				ASSETCATALOG_COMPILER_APPICON_NAME = AppIcon;
				CODE_SIGN_STYLE = Automatic;
				INFOPLIST_FILE = "Pursuit-Core-Persistence-Lab/Info.plist";
				LD_RUNPATH_SEARCH_PATHS = (
					"$(inherited)",
					"@executable_path/Frameworks",
				);
				PRODUCT_BUNDLE_IDENTIFIER = "project.Pursuit-Core-Persistence-Lab";
				PRODUCT_NAME = "$(TARGET_NAME)";
				SWIFT_VERSION = 5.0;
				TARGETED_DEVICE_FAMILY = "1,2";
			};
			name = Debug;
		};
		6BDAA1A3234293F8000DCEE6 /* Release */ = {
			isa = XCBuildConfiguration;
			buildSettings = {
				ASSETCATALOG_COMPILER_APPICON_NAME = AppIcon;
				CODE_SIGN_STYLE = Automatic;
				INFOPLIST_FILE = "Pursuit-Core-Persistence-Lab/Info.plist";
				LD_RUNPATH_SEARCH_PATHS = (
					"$(inherited)",
					"@executable_path/Frameworks",
				);
				PRODUCT_BUNDLE_IDENTIFIER = "project.Pursuit-Core-Persistence-Lab";
				PRODUCT_NAME = "$(TARGET_NAME)";
				SWIFT_VERSION = 5.0;
				TARGETED_DEVICE_FAMILY = "1,2";
			};
			name = Release;
		};
		6BDAA1A5234293F8000DCEE6 /* Debug */ = {
			isa = XCBuildConfiguration;
			buildSettings = {
				ALWAYS_EMBED_SWIFT_STANDARD_LIBRARIES = YES;
				BUNDLE_LOADER = "$(TEST_HOST)";
				CODE_SIGN_STYLE = Automatic;
				INFOPLIST_FILE = "Pursuit-Core-Persistence-LabTests/Info.plist";
				LD_RUNPATH_SEARCH_PATHS = (
					"$(inherited)",
					"@executable_path/Frameworks",
					"@loader_path/Frameworks",
				);
				PRODUCT_BUNDLE_IDENTIFIER = "project.Pursuit-Core-Persistence-LabTests";
				PRODUCT_NAME = "$(TARGET_NAME)";
				SWIFT_VERSION = 5.0;
				TARGETED_DEVICE_FAMILY = "1,2";
				TEST_HOST = "$(BUILT_PRODUCTS_DIR)/Pursuit-Core-Persistence-Lab.app/Pursuit-Core-Persistence-Lab";
			};
			name = Debug;
		};
		6BDAA1A6234293F8000DCEE6 /* Release */ = {
			isa = XCBuildConfiguration;
			buildSettings = {
				ALWAYS_EMBED_SWIFT_STANDARD_LIBRARIES = YES;
				BUNDLE_LOADER = "$(TEST_HOST)";
				CODE_SIGN_STYLE = Automatic;
				INFOPLIST_FILE = "Pursuit-Core-Persistence-LabTests/Info.plist";
				LD_RUNPATH_SEARCH_PATHS = (
					"$(inherited)",
					"@executable_path/Frameworks",
					"@loader_path/Frameworks",
				);
				PRODUCT_BUNDLE_IDENTIFIER = "project.Pursuit-Core-Persistence-LabTests";
				PRODUCT_NAME = "$(TARGET_NAME)";
				SWIFT_VERSION = 5.0;
				TARGETED_DEVICE_FAMILY = "1,2";
				TEST_HOST = "$(BUILT_PRODUCTS_DIR)/Pursuit-Core-Persistence-Lab.app/Pursuit-Core-Persistence-Lab";
			};
			name = Release;
		};
/* End XCBuildConfiguration section */

/* Begin XCConfigurationList section */
		6BDAA17F234293F7000DCEE6 /* Build configuration list for PBXProject "Pursuit-Core-Persistence-Lab" */ = {
			isa = XCConfigurationList;
			buildConfigurations = (
				6BDAA19F234293F8000DCEE6 /* Debug */,
				6BDAA1A0234293F8000DCEE6 /* Release */,
			);
			defaultConfigurationIsVisible = 0;
			defaultConfigurationName = Release;
		};
		6BDAA1A1234293F8000DCEE6 /* Build configuration list for PBXNativeTarget "Pursuit-Core-Persistence-Lab" */ = {
			isa = XCConfigurationList;
			buildConfigurations = (
				6BDAA1A2234293F8000DCEE6 /* Debug */,
				6BDAA1A3234293F8000DCEE6 /* Release */,
			);
			defaultConfigurationIsVisible = 0;
			defaultConfigurationName = Release;
		};
		6BDAA1A4234293F8000DCEE6 /* Build configuration list for PBXNativeTarget "Pursuit-Core-Persistence-LabTests" */ = {
			isa = XCConfigurationList;
			buildConfigurations = (
				6BDAA1A5234293F8000DCEE6 /* Debug */,
				6BDAA1A6234293F8000DCEE6 /* Release */,
			);
			defaultConfigurationIsVisible = 0;
			defaultConfigurationName = Release;
		};
/* End XCConfigurationList section */
	};
	rootObject = 6BDAA17C234293F7000DCEE6 /* Project object */;
}
